
Microsoft Visual Studio Solution File, Format Version 12.00
# Visual Studio 15
VisualStudioVersion = 15.0.28307.1321
MinimumVisualStudioVersion = 10.0.40219.1
Project("{FAE04EC0-301F-11D3-BF4B-00C04F79EFBC}") = "TestSourceCode", "TestSourceCode.csproj", "{AB075E60-46D2-4FEC-BCE3-1D6AA080322F}"
EndProject
Project("{9A19103F-16F7-4668-BE54-9A1E7A4F7556}") = "MonoGame.Framework.DesktopGL", "..\..\..\..\GithubX\monogame\MonoGame\MonoGame.Framework\MonoGame.Framework.DesktopGL.csproj", "{60FF1D7D-93C6-4673-9930-146EA54254F0}"
EndProject
Global
	GlobalSection(SolutionConfigurationPlatforms) = preSolution
		Debug|Any CPU = Debug|Any CPU
		Debug|x86 = Debug|x86
		Release|Any CPU = Release|Any CPU
		Release|x86 = Release|x86
	EndGlobalSection
	GlobalSection(ProjectConfigurationPlatforms) = postSolution
		{AB075E60-46D2-4FEC-BCE3-1D6AA080322F}.Debug|Any CPU.ActiveCfg = Debug|x86
		{AB075E60-46D2-4FEC-BCE3-1D6AA080322F}.Debug|x86.ActiveCfg = Debug|x86
		{AB075E60-46D2-4FEC-BCE3-1D6AA080322F}.Debug|x86.Build.0 = Debug|x86
		{AB075E60-46D2-4FEC-BCE3-1D6AA080322F}.Release|Any CPU.ActiveCfg = Release|x86
		{AB075E60-46D2-4FEC-BCE3-1D6AA080322F}.Release|x86.ActiveCfg = Release|x86
		{AB075E60-46D2-4FEC-BCE3-1D6AA080322F}.Release|x86.Build.0 = Release|x86
		{60FF1D7D-93C6-4673-9930-146EA54254F0}.Debug|Any CPU.ActiveCfg = Debug|Any CPU
		{60FF1D7D-93C6-4673-9930-146EA54254F0}.Debug|Any CPU.Build.0 = Debug|Any CPU
		{60FF1D7D-93C6-4673-9930-146EA54254F0}.Debug|x86.ActiveCfg = Debug|Any CPU
		{60FF1D7D-93C6-4673-9930-146EA54254F0}.Debug|x86.Build.0 = Debug|Any CPU
		{60FF1D7D-93C6-4673-9930-146EA54254F0}.Release|Any CPU.ActiveCfg = Release|Any CPU
		{60FF1D7D-93C6-4673-9930-146EA54254F0}.Release|Any CPU.Build.0 = Release|Any CPU
		{60FF1D7D-93C6-4673-9930-146EA54254F0}.Release|x86.ActiveCfg = Release|Any CPU
		{60FF1D7D-93C6-4673-9930-146EA54254F0}.Release|x86.Build.0 = Release|Any CPU
	EndGlobalSection
	GlobalSection(SolutionProperties) = preSolution
		HideSolutionNode = FALSE
	EndGlobalSection
	GlobalSection(ExtensibilityGlobals) = postSolution
		SolutionGuid = {1CC6E4D1-1279-4B75-8593-38C3077DBC3F}
	EndGlobalSection
EndGlobal
