
Microsoft Visual Studio Solution File, Format Version 12.00
# Visual Studio Version 17
VisualStudioVersion = 17.7.34003.232
MinimumVisualStudioVersion = 10.0.40219.1
Project("{FAE04EC0-301F-11D3-BF4B-00C04F79EFBC}") = "ConsoleApp1", "ConsoleApp1\ConsoleApp1.csproj", "{DD340AA9-A09E-41DA-9B31-BC5EFBB0A231}"
EndProject
Global
	GlobalSection(SolutionConfigurationPlatforms) = preSolution
		Debug|Any CPU = Debug|Any CPU
		Release|Any CPU = Release|Any CPU
	EndGlobalSection
	GlobalSection(ProjectConfigurationPlatforms) = postSolution
		{DD340AA9-A09E-41DA-9B31-BC5EFBB0A231}.Debug|Any CPU.ActiveCfg = Debug|Any CPU
		{DD340AA9-A09E-41DA-9B31-BC5EFBB0A231}.Debug|Any CPU.Build.0 = Debug|Any CPU
		{DD340AA9-A09E-41DA-9B31-BC5EFBB0A231}.Release|Any CPU.ActiveCfg = Release|Any CPU
		{DD340AA9-A09E-41DA-9B31-BC5EFBB0A231}.Release|Any CPU.Build.0 = Release|Any CPU
	EndGlobalSection
	GlobalSection(SolutionProperties) = preSolution
		HideSolutionNode = FALSE
	EndGlobalSection
	GlobalSection(ExtensibilityGlobals) = postSolution
		SolutionGuid = {485F4515-13D1-4B2F-A4E3-49F9E17BE75C}
	EndGlobalSection
EndGlobal
